
Microsoft Visual Studio Solution File, Format Version 12.00
# Visual Studio Version 17
VisualStudioVersion = 17.9.34902.65
MinimumVisualStudioVersion = 10.0.40219.1
Project("{FAE04EC0-301F-11D3-BF4B-00C04F79EFBC}") = "baitaplonso27", "baitaplonso27\baitaplonso27.csproj", "{AECCA247-A5B0-4B10-A369-DB2155467644}"
EndProject
Global
	GlobalSection(SolutionConfigurationPlatforms) = preSolution
		Debug|Any CPU = Debug|Any CPU
		Release|Any CPU = Release|Any CPU
	EndGlobalSection
	GlobalSection(ProjectConfigurationPlatforms) = postSolution
		{AECCA247-A5B0-4B10-A369-DB2155467644}.Debug|Any CPU.ActiveCfg = Debug|Any CPU
		{AECCA247-A5B0-4B10-A369-DB2155467644}.Debug|Any CPU.Build.0 = Debug|Any CPU
		{AECCA247-A5B0-4B10-A369-DB2155467644}.Release|Any CPU.ActiveCfg = Release|Any CPU
		{AECCA247-A5B0-4B10-A369-DB2155467644}.Release|Any CPU.Build.0 = Release|Any CPU
	EndGlobalSection
	GlobalSection(SolutionProperties) = preSolution
		HideSolutionNode = FALSE
	EndGlobalSection
	GlobalSection(ExtensibilityGlobals) = postSolution
		SolutionGuid = {F0885237-3BBE-4F17-A21B-4DC3291A843B}
	EndGlobalSection
EndGlobal
